
Microsoft Visual Studio Solution File, Format Version 12.00
# Visual Studio Version 17
VisualStudioVersion = 17.0.31912.275
MinimumVisualStudioVersion = 10.0.40219.1
Project("{FAE04EC0-301F-11D3-BF4B-00C04F79EFBC}") = "KataCalculator", "KataCalculator\KataCalculator.csproj", "{72BEC8FE-97F2-4406-ACB4-40DF5F08604E}"
EndProject
Project("{FAE04EC0-301F-11D3-BF4B-00C04F79EFBC}") = "KataCalculatorTests", "KataCalculatorTests\KataCalculatorTests.csproj", "{C0A61D6E-C1B5-471D-B791-F149E3BCB3B4}"
EndProject
Global
	GlobalSection(SolutionConfigurationPlatforms) = preSolution
		Debug|Any CPU = Debug|Any CPU
		Release|Any CPU = Release|Any CPU
	EndGlobalSection
	GlobalSection(ProjectConfigurationPlatforms) = postSolution
		{72BEC8FE-97F2-4406-ACB4-40DF5F08604E}.Debug|Any CPU.ActiveCfg = Debug|Any CPU
		{72BEC8FE-97F2-4406-ACB4-40DF5F08604E}.Debug|Any CPU.Build.0 = Debug|Any CPU
		{72BEC8FE-97F2-4406-ACB4-40DF5F08604E}.Release|Any CPU.ActiveCfg = Release|Any CPU
		{72BEC8FE-97F2-4406-ACB4-40DF5F08604E}.Release|Any CPU.Build.0 = Release|Any CPU
		{C0A61D6E-C1B5-471D-B791-F149E3BCB3B4}.Debug|Any CPU.ActiveCfg = Debug|Any CPU
		{C0A61D6E-C1B5-471D-B791-F149E3BCB3B4}.Debug|Any CPU.Build.0 = Debug|Any CPU
		{C0A61D6E-C1B5-471D-B791-F149E3BCB3B4}.Release|Any CPU.ActiveCfg = Release|Any CPU
		{C0A61D6E-C1B5-471D-B791-F149E3BCB3B4}.Release|Any CPU.Build.0 = Release|Any CPU
	EndGlobalSection
	GlobalSection(SolutionProperties) = preSolution
		HideSolutionNode = FALSE
	EndGlobalSection
	GlobalSection(ExtensibilityGlobals) = postSolution
		SolutionGuid = {12FDFD1F-D1DB-49FC-83C0-2E466469A2D0}
	EndGlobalSection
EndGlobal
